
Microsoft Visual Studio Solution File, Format Version 12.00
# Visual Studio 2013
VisualStudioVersion = 12.0.31101.0
MinimumVisualStudioVersion = 10.0.40219.1
Project("{FAE04EC0-301F-11D3-BF4B-00C04F79EFBC}") = "Chapter1", "Chapter1\Chapter1.csproj", "{0B5314B7-3E65-42C4-8C92-BF75CAEAB880}"
EndProject
Project("{2150E333-8FDC-42A3-9474-1A3956D46DE8}") = "Chapter1_files", "Chapter1_files", "{3CCB3D2A-F4A7-4C95-8439-4CC3E84990C9}"
EndProject
Project("{FAE04EC0-301F-11D3-BF4B-00C04F79EFBC}") = "Chapter1.ConsoleApp", "Chapter1.Console\Chapter1.ConsoleApp.csproj", "{4F237F66-94F2-4EC5-A994-4DC931824946}"
EndProject
Project("{2150E333-8FDC-42A3-9474-1A3956D46DE8}") = "Chapter2_files", "Chapter2_files", "{DBC1F3A7-3453-4686-9012-BAC0B9EFA479}"
EndProject
Project("{FAE04EC0-301F-11D3-BF4B-00C04F79EFBC}") = "LogAn", "LogAn\LogAn.csproj", "{BA5CBC16-CF26-4E06-B31F-A30F3FADDFE6}"
EndProject
Project("{FAE04EC0-301F-11D3-BF4B-00C04F79EFBC}") = "LogAn.UnitTests", "LogAn.UnitTests\LogAn.UnitTests.csproj", "{EDC599EF-1FF0-4C3A-BAD1-1B5753C6CBE6}"
EndProject
Project("{FAE04EC0-301F-11D3-BF4B-00C04F79EFBC}") = "Chapter5.LogAn", "Chapter5.LogAn\Chapter5.LogAn.csproj", "{5C882E57-AF0A-45B1-9625-C457FD2BD177}"
EndProject
Project("{FAE04EC0-301F-11D3-BF4B-00C04F79EFBC}") = "NSubExamples", "NSubExamples\NSubExamples.csproj", "{E3CFEBD1-3F23-46A5-8735-B800D5943026}"
EndProject
Project("{2150E333-8FDC-42A3-9474-1A3956D46DE8}") = "Chapter5_files", "Chapter5_files", "{27F1EFA6-99C5-4AF5-89C6-77179B08652D}"
EndProject
Project("{2150E333-8FDC-42A3-9474-1A3956D46DE8}") = "Chapter7_files", "Chapter7_files", "{D2E126E2-D8C2-4698-960A-46ED0803F6B3}"
EndProject
Project("{FAE04EC0-301F-11D3-BF4B-00C04F79EFBC}") = "Examples", "Examples\Examples.csproj", "{A1C96F22-D774-44F7-ABF2-286EEC683214}"
EndProject
Project("{FAE04EC0-301F-11D3-BF4B-00C04F79EFBC}") = "Examples.Tests", "Examples.Tests\Examples.Tests.csproj", "{A71F8266-4F3C-465F-8B7C-35DFF02ED6F9}"
EndProject
Project("{2150E333-8FDC-42A3-9474-1A3956D46DE8}") = "AppendixB", "AppendixB", "{59ECD64D-36BE-461E-8659-C34A752A760B}"
EndProject
Project("{FAE04EC0-301F-11D3-BF4B-00C04F79EFBC}") = "AppendixB.IntegrationTests", "AppendixBDemos\AppendixB.IntegrationTests.csproj", "{FC658D10-C618-4451-B131-D0370C6A5C00}"
EndProject
Project("{2150E333-8FDC-42A3-9474-1A3956D46DE8}") = "Second Edition", "Second Edition", "{5D53B00E-2C66-46C6-A1DF-351D5E888E54}"
EndProject
Project("{2150E333-8FDC-42A3-9474-1A3956D46DE8}") = "First Edition", "First Edition", "{24569884-1CB4-471E-9B19-C595C981E212}"
EndProject
Project("{FAE04EC0-301F-11D3-BF4B-00C04F79EFBC}") = "AOUT.CH1.Examples", "..\..\..\Users\leonardo.lana\Downloads\ARtOfUniTestingCode\AOUT.CH1.Examples\AOUT.CH1.Examples.csproj", "{F9F0B894-BD02-426B-996C-515DC39CD0E1}"
EndProject
Project("{FAE04EC0-301F-11D3-BF4B-00C04F79EFBC}") = "AOUT.Ch1.Examples.Tests", "..\..\..\Users\leonardo.lana\Downloads\ARtOfUniTestingCode\AOUT.Ch1.Examples.Tests\AOUT.Ch1.Examples.Tests.csproj", "{E8EC90B8-2DCC-4EA8-8B1F-468D367E3EBE}"
EndProject
Project("{2150E333-8FDC-42A3-9474-1A3956D46DE8}") = "Chapter_1", "Chapter_1", "{A4AC1CC2-9B74-42F9-98D2-D4A5AC117DB8}"
EndProject
Project("{2150E333-8FDC-42A3-9474-1A3956D46DE8}") = "Chapter_3", "Chapter_3", "{E6981E54-0A2F-4CFD-8174-E5141788A61A}"
EndProject
Project("{FAE04EC0-301F-11D3-BF4B-00C04F79EFBC}") = "AOUT.CH3.LogAn", "..\..\..\Users\leonardo.lana\Downloads\ARtOfUniTestingCode\AOUT.CH3.LogAn\AOUT.CH3.LogAn.csproj", "{77BDDEE7-CC91-4810-B4D1-6753219C0B6B}"
EndProject
Project("{FAE04EC0-301F-11D3-BF4B-00C04F79EFBC}") = "AOUT.CH3.Logan.Tests", "..\..\..\Users\leonardo.lana\Downloads\ARtOfUniTestingCode\AOUT.CH3.Logan.Tests\AOUT.CH3.Logan.Tests.csproj", "{A09F514C-1314-4047-8084-6C9CE5A08200}"
EndProject
Project("{2150E333-8FDC-42A3-9474-1A3956D46DE8}") = "Chapter_4", "Chapter_4", "{4549326E-DAAF-4E79-B642-40CEE5DF0088}"
EndProject
Project("{FAE04EC0-301F-11D3-BF4B-00C04F79EFBC}") = "AOUT.CH4.LogAn", "..\..\..\Users\leonardo.lana\Downloads\ARtOfUniTestingCode\AOUT.CH4.LogAn\AOUT.CH4.LogAn.csproj", "{E89EBB85-11C4-43D3-8164-E63D75058E44}"
EndProject
Project("{FAE04EC0-301F-11D3-BF4B-00C04F79EFBC}") = "AOUT.Ch4.LogAn.Test", "..\..\..\Users\leonardo.lana\Downloads\ARtOfUniTestingCode\AOUT.Ch4.LogAn.Test\AOUT.Ch4.LogAn.Test.csproj", "{DB24E6FA-1808-453B-9920-D7C320502E55}"
EndProject
Project("{2150E333-8FDC-42A3-9474-1A3956D46DE8}") = "Chapter_5", "Chapter_5", "{FFE02055-94D7-48DD-9806-DB4165EE75AB}"
EndProject
Project("{FAE04EC0-301F-11D3-BF4B-00C04F79EFBC}") = "AOUT.CH5.LogAn", "..\..\..\Users\leonardo.lana\Downloads\ARtOfUniTestingCode\AOUT.CH5.LogAn\AOUT.CH5.LogAn.csproj", "{9667A77C-C559-4C99-94C7-BA1BCF0E181C}"
EndProject
Project("{FAE04EC0-301F-11D3-BF4B-00C04F79EFBC}") = "AOUT.CH5.Logan.Tests", "..\..\..\Users\leonardo.lana\Downloads\ARtOfUniTestingCode\AOUT.CH5.Logan.Tests\AOUT.CH5.Logan.Tests.csproj", "{9C333161-05E5-4B9A-A8DB-037109631FD7}"
EndProject
Project("{2150E333-8FDC-42A3-9474-1A3956D46DE8}") = "Chapter_6", "Chapter_6", "{DEB5329C-AE0D-4322-8F50-113D2C82DE48}"
EndProject
Project("{FAE04EC0-301F-11D3-BF4B-00C04F79EFBC}") = "AOUT.CH6.LogAN", "..\..\..\Users\leonardo.lana\Downloads\ARtOfUniTestingCode\AOUT.CH6.LogAN\AOUT.CH6.LogAN.csproj", "{EF608245-1CCE-46C8-B0C5-E9120869A57A}"
EndProject
Project("{FAE04EC0-301F-11D3-BF4B-00C04F79EFBC}") = "AOUT.CH6.LogAn.Tests.Unit", "..\..\..\Users\leonardo.lana\Downloads\ARtOfUniTestingCode\AOUT.CH6.LogAn.Tests\AOUT.CH6.LogAn.Tests.Unit.csproj", "{61862BAC-6068-4AD9-99C2-567AC7347564}"
EndProject
Project("{FAE04EC0-301F-11D3-BF4B-00C04F79EFBC}") = "AOUT.CH6.LogAn.Tests.Integration", "..\..\..\Users\leonardo.lana\Downloads\ARtOfUniTestingCode\AOUT.CH6.LogAn.Tests.Integration\AOUT.CH6.LogAn.Tests.Integration.csproj", "{559AC686-E785-407A-97ED-59C461234A76}"
EndProject
Project("{2150E333-8FDC-42A3-9474-1A3956D46DE8}") = "Chapter_7", "Chapter_7", "{BFF7DC1E-44E5-4D2C-8081-B8240B613337}"
EndProject
Project("{FAE04EC0-301F-11D3-BF4B-00C04F79EFBC}") = "AOUT.CH7.LogAn", "..\..\..\Users\leonardo.lana\Downloads\ARtOfUniTestingCode\AOUT.CH7.LogAn\AOUT.CH7.LogAn.csproj", "{397131BA-456F-4099-98EA-F040A5919649}"
EndProject
Project("{FAE04EC0-301F-11D3-BF4B-00C04F79EFBC}") = "Demos.Logan", "..\..\..\Users\leonardo.lana\Downloads\ARtOfUniTestingCode\AOUT.CH7.LogAn\Demos.Logan.csproj", "{C53DDFF1-EBC0-4ACA-8DCE-EFEFF2ACD9D6}"
EndProject
Project("{2150E333-8FDC-42A3-9474-1A3956D46DE8}") = "Chapter_8", "Chapter_8", "{E5A8B20E-C736-4538-8028-926A5621AFE4}"
EndProject
Project("{FAE04EC0-301F-11D3-BF4B-00C04F79EFBC}") = "AOUT.CH8.Logan", "..\..\..\Users\leonardo.lana\Downloads\ARtOfUniTestingCode\AOUT.CH8.Logan\AOUT.CH8.Logan.csproj", "{6ABC7548-24B1-4546-9E59-BED8AB387751}"
EndProject
Project("{FAE04EC0-301F-11D3-BF4B-00C04F79EFBC}") = "AOUT.CH8.Logan.Tests", "..\..\..\Users\leonardo.lana\Downloads\ARtOfUniTestingCode\AOUT.CH8.Logan.Tests\AOUT.CH8.Logan.Tests.csproj", "{2031E309-16F3-47D1-A21F-F91723DF7491}"
EndProject
Project("{2150E333-8FDC-42A3-9474-1A3956D46DE8}") = "Chapter_9", "Chapter_9", "{79481DBA-4B29-4160-9EF3-39AED6B77830}"
EndProject
Project("{FAE04EC0-301F-11D3-BF4B-00C04F79EFBC}") = "AOUT.CH9.Examples", "..\..\..\Users\leonardo.lana\Downloads\ARtOfUniTestingCode\AOUT.CH9.Examples\AOUT.CH9.Examples.csproj", "{C1AD3E84-7739-4BE8-8800-616AB99E2153}"
EndProject
Project("{FAE04EC0-301F-11D3-BF4B-00C04F79EFBC}") = "AOUT.CH9.Examples.Tests", "..\..\..\Users\leonardo.lana\Downloads\ARtOfUniTestingCode\AOUT.CH9.Examples.Tests\AOUT.CH9.Examples.Tests.csproj", "{D470FA08-37B1-4468-A755-3F210239FD46}"
EndProject
Project("{FAE04EC0-301F-11D3-BF4B-00C04F79EFBC}") = "AOUT.CH2.LogAn", "..\..\..\Users\leonardo.lana\Downloads\ARtOfUniTestingCode\AOUT.LogAn\AOUT.CH2.LogAn.csproj", "{3BE2E29F-B709-4D58-B790-C8CF187CAC31}"
EndProject
Project("{FAE04EC0-301F-11D3-BF4B-00C04F79EFBC}") = "AOUT.CH2.LogAn.Tests", "..\..\..\Users\leonardo.lana\Downloads\ARtOfUniTestingCode\AOUT.LogAn.Tests\AOUT.CH2.LogAn.Tests.csproj", "{91C0E375-8D3F-4F9D-B7C9-DCC20A29424A}"
EndProject
Project("{FAE04EC0-301F-11D3-BF4B-00C04F79EFBC}") = "AOUT.Misc", "..\..\..\Users\leonardo.lana\Downloads\ARtOfUniTestingCode\AOUT.Misc\AOUT.Misc.csproj", "{3640B350-CE10-433F-884A-6730861AEBDC}"
EndProject
Project("{FAE04EC0-301F-11D3-BF4B-00C04F79EFBC}") = "AOUT.CH7.LogAn.Tests", "..\..\..\Users\leonardo.lana\Downloads\ARtOfUniTestingCode\LogAn.Tests\AOUT.CH7.LogAn.Tests.csproj", "{4186C28F-91FE-4DE1-895F-4E888BAC2BF5}"
EndProject
Project("{FAE04EC0-301F-11D3-BF4B-00C04F79EFBC}") = "Demos.Logan.Tests", "..\..\..\Users\leonardo.lana\Downloads\ARtOfUniTestingCode\LogAn.Tests\Demos.Logan.Tests.csproj", "{DB5481AA-9DFB-48D6-923E-39DB79A1E96A}"
EndProject
Project("{FAE04EC0-301F-11D3-BF4B-00C04F79EFBC}") = "Osherove.ThreadTester", "..\..\..\Users\leonardo.lana\Downloads\ARtOfUniTestingCode\Osherove.ThreadTester\Osherove.ThreadTester.csproj", "{08D6820A-338D-4AA3-926B-C5CE9F5D6F5F}"
EndProject
Project("{2150E333-8FDC-42A3-9474-1A3956D46DE8}") = "Chapter_2", "Chapter_2", "{184EC158-5F20-4CC9-8B3A-164117BA8FC4}"
EndProject
Project("{2150E333-8FDC-42A3-9474-1A3956D46DE8}") = ".nuget", ".nuget", "{3409224E-A32E-4D0F-B957-084BFFC24969}"
	ProjectSection(SolutionItems) = preProject
		.nuget\NuGet.Config = .nuget\NuGet.Config
		.nuget\NuGet.exe = .nuget\NuGet.exe
		.nuget\NuGet.targets = .nuget\NuGet.targets
	EndProjectSection
EndProject
Global
	GlobalSection(SolutionConfigurationPlatforms) = preSolution
		Debug|Any CPU = Debug|Any CPU
		Debug|Mixed Platforms = Debug|Mixed Platforms
		Debug|x86 = Debug|x86
		Release|Any CPU = Release|Any CPU
		Release|Mixed Platforms = Release|Mixed Platforms
		Release|x86 = Release|x86
	EndGlobalSection
	GlobalSection(ProjectConfigurationPlatforms) = postSolution
		{0B5314B7-3E65-42C4-8C92-BF75CAEAB880}.Debug|Any CPU.ActiveCfg = Debug|Any CPU
		{0B5314B7-3E65-42C4-8C92-BF75CAEAB880}.Debug|Any CPU.Build.0 = Debug|Any CPU
		{0B5314B7-3E65-42C4-8C92-BF75CAEAB880}.Debug|Mixed Platforms.ActiveCfg = Debug|Any CPU
		{0B5314B7-3E65-42C4-8C92-BF75CAEAB880}.Debug|Mixed Platforms.Build.0 = Debug|Any CPU
		{0B5314B7-3E65-42C4-8C92-BF75CAEAB880}.Debug|x86.ActiveCfg = Debug|Any CPU
		{0B5314B7-3E65-42C4-8C92-BF75CAEAB880}.Release|Any CPU.ActiveCfg = Release|Any CPU
		{0B5314B7-3E65-42C4-8C92-BF75CAEAB880}.Release|Any CPU.Build.0 = Release|Any CPU
		{0B5314B7-3E65-42C4-8C92-BF75CAEAB880}.Release|Mixed Platforms.ActiveCfg = Release|Any CPU
		{0B5314B7-3E65-42C4-8C92-BF75CAEAB880}.Release|Mixed Platforms.Build.0 = Release|Any CPU
		{0B5314B7-3E65-42C4-8C92-BF75CAEAB880}.Release|x86.ActiveCfg = Release|Any CPU
		{4F237F66-94F2-4EC5-A994-4DC931824946}.Debug|Any CPU.ActiveCfg = Debug|x86
		{4F237F66-94F2-4EC5-A994-4DC931824946}.Debug|Mixed Platforms.ActiveCfg = Debug|x86
		{4F237F66-94F2-4EC5-A994-4DC931824946}.Debug|Mixed Platforms.Build.0 = Debug|x86
		{4F237F66-94F2-4EC5-A994-4DC931824946}.Debug|x86.ActiveCfg = Debug|x86
		{4F237F66-94F2-4EC5-A994-4DC931824946}.Debug|x86.Build.0 = Debug|x86
		{4F237F66-94F2-4EC5-A994-4DC931824946}.Release|Any CPU.ActiveCfg = Release|x86
		{4F237F66-94F2-4EC5-A994-4DC931824946}.Release|Mixed Platforms.ActiveCfg = Release|x86
		{4F237F66-94F2-4EC5-A994-4DC931824946}.Release|Mixed Platforms.Build.0 = Release|x86
		{4F237F66-94F2-4EC5-A994-4DC931824946}.Release|x86.ActiveCfg = Release|x86
		{4F237F66-94F2-4EC5-A994-4DC931824946}.Release|x86.Build.0 = Release|x86
		{BA5CBC16-CF26-4E06-B31F-A30F3FADDFE6}.Debug|Any CPU.ActiveCfg = Debug|Any CPU
		{BA5CBC16-CF26-4E06-B31F-A30F3FADDFE6}.Debug|Any CPU.Build.0 = Debug|Any CPU
		{BA5CBC16-CF26-4E06-B31F-A30F3FADDFE6}.Debug|Mixed Platforms.ActiveCfg = Debug|Any CPU
		{BA5CBC16-CF26-4E06-B31F-A30F3FADDFE6}.Debug|Mixed Platforms.Build.0 = Debug|Any CPU
		{BA5CBC16-CF26-4E06-B31F-A30F3FADDFE6}.Debug|x86.ActiveCfg = Debug|Any CPU
		{BA5CBC16-CF26-4E06-B31F-A30F3FADDFE6}.Release|Any CPU.ActiveCfg = Release|Any CPU
		{BA5CBC16-CF26-4E06-B31F-A30F3FADDFE6}.Release|Any CPU.Build.0 = Release|Any CPU
		{BA5CBC16-CF26-4E06-B31F-A30F3FADDFE6}.Release|Mixed Platforms.ActiveCfg = Release|Any CPU
		{BA5CBC16-CF26-4E06-B31F-A30F3FADDFE6}.Release|Mixed Platforms.Build.0 = Release|Any CPU
		{BA5CBC16-CF26-4E06-B31F-A30F3FADDFE6}.Release|x86.ActiveCfg = Release|Any CPU
		{EDC599EF-1FF0-4C3A-BAD1-1B5753C6CBE6}.Debug|Any CPU.ActiveCfg = Debug|Any CPU
		{EDC599EF-1FF0-4C3A-BAD1-1B5753C6CBE6}.Debug|Any CPU.Build.0 = Debug|Any CPU
		{EDC599EF-1FF0-4C3A-BAD1-1B5753C6CBE6}.Debug|Mixed Platforms.ActiveCfg = Debug|Any CPU
		{EDC599EF-1FF0-4C3A-BAD1-1B5753C6CBE6}.Debug|Mixed Platforms.Build.0 = Debug|Any CPU
		{EDC599EF-1FF0-4C3A-BAD1-1B5753C6CBE6}.Debug|x86.ActiveCfg = Debug|Any CPU
		{EDC599EF-1FF0-4C3A-BAD1-1B5753C6CBE6}.Release|Any CPU.ActiveCfg = Release|Any CPU
		{EDC599EF-1FF0-4C3A-BAD1-1B5753C6CBE6}.Release|Any CPU.Build.0 = Release|Any CPU
		{EDC599EF-1FF0-4C3A-BAD1-1B5753C6CBE6}.Release|Mixed Platforms.ActiveCfg = Release|Any CPU
		{EDC599EF-1FF0-4C3A-BAD1-1B5753C6CBE6}.Release|Mixed Platforms.Build.0 = Release|Any CPU
		{EDC599EF-1FF0-4C3A-BAD1-1B5753C6CBE6}.Release|x86.ActiveCfg = Release|Any CPU
		{5C882E57-AF0A-45B1-9625-C457FD2BD177}.Debug|Any CPU.ActiveCfg = Debug|Any CPU
		{5C882E57-AF0A-45B1-9625-C457FD2BD177}.Debug|Any CPU.Build.0 = Debug|Any CPU
		{5C882E57-AF0A-45B1-9625-C457FD2BD177}.Debug|Mixed Platforms.ActiveCfg = Debug|Any CPU
		{5C882E57-AF0A-45B1-9625-C457FD2BD177}.Debug|Mixed Platforms.Build.0 = Debug|Any CPU
		{5C882E57-AF0A-45B1-9625-C457FD2BD177}.Debug|x86.ActiveCfg = Debug|Any CPU
		{5C882E57-AF0A-45B1-9625-C457FD2BD177}.Release|Any CPU.ActiveCfg = Release|Any CPU
		{5C882E57-AF0A-45B1-9625-C457FD2BD177}.Release|Any CPU.Build.0 = Release|Any CPU
		{5C882E57-AF0A-45B1-9625-C457FD2BD177}.Release|Mixed Platforms.ActiveCfg = Release|Any CPU
		{5C882E57-AF0A-45B1-9625-C457FD2BD177}.Release|Mixed Platforms.Build.0 = Release|Any CPU
		{5C882E57-AF0A-45B1-9625-C457FD2BD177}.Release|x86.ActiveCfg = Release|Any CPU
		{E3CFEBD1-3F23-46A5-8735-B800D5943026}.Debug|Any CPU.ActiveCfg = Debug|Any CPU
		{E3CFEBD1-3F23-46A5-8735-B800D5943026}.Debug|Any CPU.Build.0 = Debug|Any CPU
		{E3CFEBD1-3F23-46A5-8735-B800D5943026}.Debug|Mixed Platforms.ActiveCfg = Debug|Any CPU
		{E3CFEBD1-3F23-46A5-8735-B800D5943026}.Debug|Mixed Platforms.Build.0 = Debug|Any CPU
		{E3CFEBD1-3F23-46A5-8735-B800D5943026}.Debug|x86.ActiveCfg = Debug|Any CPU
		{E3CFEBD1-3F23-46A5-8735-B800D5943026}.Release|Any CPU.ActiveCfg = Release|Any CPU
		{E3CFEBD1-3F23-46A5-8735-B800D5943026}.Release|Any CPU.Build.0 = Release|Any CPU
		{E3CFEBD1-3F23-46A5-8735-B800D5943026}.Release|Mixed Platforms.ActiveCfg = Release|Any CPU
		{E3CFEBD1-3F23-46A5-8735-B800D5943026}.Release|Mixed Platforms.Build.0 = Release|Any CPU
		{E3CFEBD1-3F23-46A5-8735-B800D5943026}.Release|x86.ActiveCfg = Release|Any CPU
		{A1C96F22-D774-44F7-ABF2-286EEC683214}.Debug|Any CPU.ActiveCfg = Debug|x86
		{A1C96F22-D774-44F7-ABF2-286EEC683214}.Debug|Mixed Platforms.ActiveCfg = Debug|x86
		{A1C96F22-D774-44F7-ABF2-286EEC683214}.Debug|Mixed Platforms.Build.0 = Debug|x86
		{A1C96F22-D774-44F7-ABF2-286EEC683214}.Debug|x86.ActiveCfg = Debug|x86
		{A1C96F22-D774-44F7-ABF2-286EEC683214}.Debug|x86.Build.0 = Debug|x86
		{A1C96F22-D774-44F7-ABF2-286EEC683214}.Release|Any CPU.ActiveCfg = Release|x86
		{A1C96F22-D774-44F7-ABF2-286EEC683214}.Release|Mixed Platforms.ActiveCfg = Release|x86
		{A1C96F22-D774-44F7-ABF2-286EEC683214}.Release|Mixed Platforms.Build.0 = Release|x86
		{A1C96F22-D774-44F7-ABF2-286EEC683214}.Release|x86.ActiveCfg = Release|x86
		{A1C96F22-D774-44F7-ABF2-286EEC683214}.Release|x86.Build.0 = Release|x86
		{A71F8266-4F3C-465F-8B7C-35DFF02ED6F9}.Debug|Any CPU.ActiveCfg = Debug|Any CPU
		{A71F8266-4F3C-465F-8B7C-35DFF02ED6F9}.Debug|Any CPU.Build.0 = Debug|Any CPU
		{A71F8266-4F3C-465F-8B7C-35DFF02ED6F9}.Debug|Mixed Platforms.ActiveCfg = Debug|x86
		{A71F8266-4F3C-465F-8B7C-35DFF02ED6F9}.Debug|Mixed Platforms.Build.0 = Debug|x86
		{A71F8266-4F3C-465F-8B7C-35DFF02ED6F9}.Debug|x86.ActiveCfg = Debug|Any CPU
		{A71F8266-4F3C-465F-8B7C-35DFF02ED6F9}.Release|Any CPU.ActiveCfg = Release|Any CPU
		{A71F8266-4F3C-465F-8B7C-35DFF02ED6F9}.Release|Any CPU.Build.0 = Release|Any CPU
		{A71F8266-4F3C-465F-8B7C-35DFF02ED6F9}.Release|Mixed Platforms.ActiveCfg = Release|Any CPU
		{A71F8266-4F3C-465F-8B7C-35DFF02ED6F9}.Release|Mixed Platforms.Build.0 = Release|Any CPU
		{A71F8266-4F3C-465F-8B7C-35DFF02ED6F9}.Release|x86.ActiveCfg = Release|Any CPU
		{FC658D10-C618-4451-B131-D0370C6A5C00}.Debug|Any CPU.ActiveCfg = Debug|Any CPU
		{FC658D10-C618-4451-B131-D0370C6A5C00}.Debug|Any CPU.Build.0 = Debug|Any CPU
		{FC658D10-C618-4451-B131-D0370C6A5C00}.Debug|Mixed Platforms.ActiveCfg = Debug|Any CPU
		{FC658D10-C618-4451-B131-D0370C6A5C00}.Debug|Mixed Platforms.Build.0 = Debug|Any CPU
		{FC658D10-C618-4451-B131-D0370C6A5C00}.Debug|x86.ActiveCfg = Debug|Any CPU
		{FC658D10-C618-4451-B131-D0370C6A5C00}.Release|Any CPU.ActiveCfg = Release|Any CPU
		{FC658D10-C618-4451-B131-D0370C6A5C00}.Release|Any CPU.Build.0 = Release|Any CPU
		{FC658D10-C618-4451-B131-D0370C6A5C00}.Release|Mixed Platforms.ActiveCfg = Release|Any CPU
		{FC658D10-C618-4451-B131-D0370C6A5C00}.Release|Mixed Platforms.Build.0 = Release|Any CPU
		{FC658D10-C618-4451-B131-D0370C6A5C00}.Release|x86.ActiveCfg = Release|Any CPU
		{F9F0B894-BD02-426B-996C-515DC39CD0E1}.Debug|Any CPU.ActiveCfg = Debug|Any CPU
		{F9F0B894-BD02-426B-996C-515DC39CD0E1}.Debug|Any CPU.Build.0 = Debug|Any CPU
		{F9F0B894-BD02-426B-996C-515DC39CD0E1}.Debug|Mixed Platforms.ActiveCfg = Debug|Any CPU
		{F9F0B894-BD02-426B-996C-515DC39CD0E1}.Debug|Mixed Platforms.Build.0 = Debug|Any CPU
		{F9F0B894-BD02-426B-996C-515DC39CD0E1}.Debug|x86.ActiveCfg = Debug|Any CPU
		{F9F0B894-BD02-426B-996C-515DC39CD0E1}.Release|Any CPU.ActiveCfg = Release|Any CPU
		{F9F0B894-BD02-426B-996C-515DC39CD0E1}.Release|Any CPU.Build.0 = Release|Any CPU
		{F9F0B894-BD02-426B-996C-515DC39CD0E1}.Release|Mixed Platforms.ActiveCfg = Release|Any CPU
		{F9F0B894-BD02-426B-996C-515DC39CD0E1}.Release|Mixed Platforms.Build.0 = Release|Any CPU
		{F9F0B894-BD02-426B-996C-515DC39CD0E1}.Release|x86.ActiveCfg = Release|Any CPU
		{E8EC90B8-2DCC-4EA8-8B1F-468D367E3EBE}.Debug|Any CPU.ActiveCfg = Debug|Any CPU
		{E8EC90B8-2DCC-4EA8-8B1F-468D367E3EBE}.Debug|Any CPU.Build.0 = Debug|Any CPU
		{E8EC90B8-2DCC-4EA8-8B1F-468D367E3EBE}.Debug|Mixed Platforms.ActiveCfg = Debug|Any CPU
		{E8EC90B8-2DCC-4EA8-8B1F-468D367E3EBE}.Debug|Mixed Platforms.Build.0 = Debug|Any CPU
		{E8EC90B8-2DCC-4EA8-8B1F-468D367E3EBE}.Debug|x86.ActiveCfg = Debug|Any CPU
		{E8EC90B8-2DCC-4EA8-8B1F-468D367E3EBE}.Release|Any CPU.ActiveCfg = Release|Any CPU
		{E8EC90B8-2DCC-4EA8-8B1F-468D367E3EBE}.Release|Any CPU.Build.0 = Release|Any CPU
		{E8EC90B8-2DCC-4EA8-8B1F-468D367E3EBE}.Release|Mixed Platforms.ActiveCfg = Release|Any CPU
		{E8EC90B8-2DCC-4EA8-8B1F-468D367E3EBE}.Release|Mixed Platforms.Build.0 = Release|Any CPU
		{E8EC90B8-2DCC-4EA8-8B1F-468D367E3EBE}.Release|x86.ActiveCfg = Release|Any CPU
		{77BDDEE7-CC91-4810-B4D1-6753219C0B6B}.Debug|Any CPU.ActiveCfg = Debug|Any CPU
		{77BDDEE7-CC91-4810-B4D1-6753219C0B6B}.Debug|Any CPU.Build.0 = Debug|Any CPU
		{77BDDEE7-CC91-4810-B4D1-6753219C0B6B}.Debug|Mixed Platforms.ActiveCfg = Debug|Any CPU
		{77BDDEE7-CC91-4810-B4D1-6753219C0B6B}.Debug|Mixed Platforms.Build.0 = Debug|Any CPU
		{77BDDEE7-CC91-4810-B4D1-6753219C0B6B}.Debug|x86.ActiveCfg = Debug|Any CPU
		{77BDDEE7-CC91-4810-B4D1-6753219C0B6B}.Release|Any CPU.ActiveCfg = Release|Any CPU
		{77BDDEE7-CC91-4810-B4D1-6753219C0B6B}.Release|Any CPU.Build.0 = Release|Any CPU
		{77BDDEE7-CC91-4810-B4D1-6753219C0B6B}.Release|Mixed Platforms.ActiveCfg = Release|Any CPU
		{77BDDEE7-CC91-4810-B4D1-6753219C0B6B}.Release|Mixed Platforms.Build.0 = Release|Any CPU
		{77BDDEE7-CC91-4810-B4D1-6753219C0B6B}.Release|x86.ActiveCfg = Release|Any CPU
		{A09F514C-1314-4047-8084-6C9CE5A08200}.Debug|Any CPU.ActiveCfg = Debug|Any CPU
		{A09F514C-1314-4047-8084-6C9CE5A08200}.Debug|Any CPU.Build.0 = Debug|Any CPU
		{A09F514C-1314-4047-8084-6C9CE5A08200}.Debug|Mixed Platforms.ActiveCfg = Debug|Any CPU
		{A09F514C-1314-4047-8084-6C9CE5A08200}.Debug|Mixed Platforms.Build.0 = Debug|Any CPU
		{A09F514C-1314-4047-8084-6C9CE5A08200}.Debug|x86.ActiveCfg = Debug|Any CPU
		{A09F514C-1314-4047-8084-6C9CE5A08200}.Release|Any CPU.ActiveCfg = Release|Any CPU
		{A09F514C-1314-4047-8084-6C9CE5A08200}.Release|Any CPU.Build.0 = Release|Any CPU
		{A09F514C-1314-4047-8084-6C9CE5A08200}.Release|Mixed Platforms.ActiveCfg = Release|Any CPU
		{A09F514C-1314-4047-8084-6C9CE5A08200}.Release|Mixed Platforms.Build.0 = Release|Any CPU
		{A09F514C-1314-4047-8084-6C9CE5A08200}.Release|x86.ActiveCfg = Release|Any CPU
		{E89EBB85-11C4-43D3-8164-E63D75058E44}.Debug|Any CPU.ActiveCfg = Debug|Any CPU
		{E89EBB85-11C4-43D3-8164-E63D75058E44}.Debug|Any CPU.Build.0 = Debug|Any CPU
		{E89EBB85-11C4-43D3-8164-E63D75058E44}.Debug|Mixed Platforms.ActiveCfg = Debug|Any CPU
		{E89EBB85-11C4-43D3-8164-E63D75058E44}.Debug|Mixed Platforms.Build.0 = Debug|Any CPU
		{E89EBB85-11C4-43D3-8164-E63D75058E44}.Debug|x86.ActiveCfg = Debug|Any CPU
		{E89EBB85-11C4-43D3-8164-E63D75058E44}.Release|Any CPU.ActiveCfg = Release|Any CPU
		{E89EBB85-11C4-43D3-8164-E63D75058E44}.Release|Any CPU.Build.0 = Release|Any CPU
		{E89EBB85-11C4-43D3-8164-E63D75058E44}.Release|Mixed Platforms.ActiveCfg = Release|Any CPU
		{E89EBB85-11C4-43D3-8164-E63D75058E44}.Release|Mixed Platforms.Build.0 = Release|Any CPU
		{E89EBB85-11C4-43D3-8164-E63D75058E44}.Release|x86.ActiveCfg = Release|Any CPU
		{DB24E6FA-1808-453B-9920-D7C320502E55}.Debug|Any CPU.ActiveCfg = Debug|Any CPU
		{DB24E6FA-1808-453B-9920-D7C320502E55}.Debug|Any CPU.Build.0 = Debug|Any CPU
		{DB24E6FA-1808-453B-9920-D7C320502E55}.Debug|Mixed Platforms.ActiveCfg = Debug|Any CPU
		{DB24E6FA-1808-453B-9920-D7C320502E55}.Debug|Mixed Platforms.Build.0 = Debug|Any CPU
		{DB24E6FA-1808-453B-9920-D7C320502E55}.Debug|x86.ActiveCfg = Debug|Any CPU
		{DB24E6FA-1808-453B-9920-D7C320502E55}.Release|Any CPU.ActiveCfg = Release|Any CPU
		{DB24E6FA-1808-453B-9920-D7C320502E55}.Release|Any CPU.Build.0 = Release|Any CPU
		{DB24E6FA-1808-453B-9920-D7C320502E55}.Release|Mixed Platforms.ActiveCfg = Release|Any CPU
		{DB24E6FA-1808-453B-9920-D7C320502E55}.Release|Mixed Platforms.Build.0 = Release|Any CPU
		{DB24E6FA-1808-453B-9920-D7C320502E55}.Release|x86.ActiveCfg = Release|Any CPU
		{9667A77C-C559-4C99-94C7-BA1BCF0E181C}.Debug|Any CPU.ActiveCfg = Debug|Any CPU
		{9667A77C-C559-4C99-94C7-BA1BCF0E181C}.Debug|Any CPU.Build.0 = Debug|Any CPU
		{9667A77C-C559-4C99-94C7-BA1BCF0E181C}.Debug|Mixed Platforms.ActiveCfg = Debug|Any CPU
		{9667A77C-C559-4C99-94C7-BA1BCF0E181C}.Debug|Mixed Platforms.Build.0 = Debug|Any CPU
		{9667A77C-C559-4C99-94C7-BA1BCF0E181C}.Debug|x86.ActiveCfg = Debug|Any CPU
		{9667A77C-C559-4C99-94C7-BA1BCF0E181C}.Release|Any CPU.ActiveCfg = Release|Any CPU
		{9667A77C-C559-4C99-94C7-BA1BCF0E181C}.Release|Any CPU.Build.0 = Release|Any CPU
		{9667A77C-C559-4C99-94C7-BA1BCF0E181C}.Release|Mixed Platforms.ActiveCfg = Release|Any CPU
		{9667A77C-C559-4C99-94C7-BA1BCF0E181C}.Release|Mixed Platforms.Build.0 = Release|Any CPU
		{9667A77C-C559-4C99-94C7-BA1BCF0E181C}.Release|x86.ActiveCfg = Release|Any CPU
		{9C333161-05E5-4B9A-A8DB-037109631FD7}.Debug|Any CPU.ActiveCfg = Debug|Any CPU
		{9C333161-05E5-4B9A-A8DB-037109631FD7}.Debug|Any CPU.Build.0 = Debug|Any CPU
		{9C333161-05E5-4B9A-A8DB-037109631FD7}.Debug|Mixed Platforms.ActiveCfg = Debug|Any CPU
		{9C333161-05E5-4B9A-A8DB-037109631FD7}.Debug|Mixed Platforms.Build.0 = Debug|Any CPU
		{9C333161-05E5-4B9A-A8DB-037109631FD7}.Debug|x86.ActiveCfg = Debug|Any CPU
		{9C333161-05E5-4B9A-A8DB-037109631FD7}.Release|Any CPU.ActiveCfg = Release|Any CPU
		{9C333161-05E5-4B9A-A8DB-037109631FD7}.Release|Any CPU.Build.0 = Release|Any CPU
		{9C333161-05E5-4B9A-A8DB-037109631FD7}.Release|Mixed Platforms.ActiveCfg = Release|Any CPU
		{9C333161-05E5-4B9A-A8DB-037109631FD7}.Release|Mixed Platforms.Build.0 = Release|Any CPU
		{9C333161-05E5-4B9A-A8DB-037109631FD7}.Release|x86.ActiveCfg = Release|Any CPU
		{EF608245-1CCE-46C8-B0C5-E9120869A57A}.Debug|Any CPU.ActiveCfg = Debug|Any CPU
		{EF608245-1CCE-46C8-B0C5-E9120869A57A}.Debug|Any CPU.Build.0 = Debug|Any CPU
		{EF608245-1CCE-46C8-B0C5-E9120869A57A}.Debug|Mixed Platforms.ActiveCfg = Debug|Any CPU
		{EF608245-1CCE-46C8-B0C5-E9120869A57A}.Debug|Mixed Platforms.Build.0 = Debug|Any CPU
		{EF608245-1CCE-46C8-B0C5-E9120869A57A}.Debug|x86.ActiveCfg = Debug|Any CPU
		{EF608245-1CCE-46C8-B0C5-E9120869A57A}.Release|Any CPU.ActiveCfg = Release|Any CPU
		{EF608245-1CCE-46C8-B0C5-E9120869A57A}.Release|Any CPU.Build.0 = Release|Any CPU
		{EF608245-1CCE-46C8-B0C5-E9120869A57A}.Release|Mixed Platforms.ActiveCfg = Release|Any CPU
		{EF608245-1CCE-46C8-B0C5-E9120869A57A}.Release|Mixed Platforms.Build.0 = Release|Any CPU
		{EF608245-1CCE-46C8-B0C5-E9120869A57A}.Release|x86.ActiveCfg = Release|Any CPU
		{61862BAC-6068-4AD9-99C2-567AC7347564}.Debug|Any CPU.ActiveCfg = Debug|Any CPU
		{61862BAC-6068-4AD9-99C2-567AC7347564}.Debug|Any CPU.Build.0 = Debug|Any CPU
		{61862BAC-6068-4AD9-99C2-567AC7347564}.Debug|Mixed Platforms.ActiveCfg = Debug|Any CPU
		{61862BAC-6068-4AD9-99C2-567AC7347564}.Debug|Mixed Platforms.Build.0 = Debug|Any CPU
		{61862BAC-6068-4AD9-99C2-567AC7347564}.Debug|x86.ActiveCfg = Debug|Any CPU
		{61862BAC-6068-4AD9-99C2-567AC7347564}.Release|Any CPU.ActiveCfg = Release|Any CPU
		{61862BAC-6068-4AD9-99C2-567AC7347564}.Release|Any CPU.Build.0 = Release|Any CPU
		{61862BAC-6068-4AD9-99C2-567AC7347564}.Release|Mixed Platforms.ActiveCfg = Release|Any CPU
		{61862BAC-6068-4AD9-99C2-567AC7347564}.Release|Mixed Platforms.Build.0 = Release|Any CPU
		{61862BAC-6068-4AD9-99C2-567AC7347564}.Release|x86.ActiveCfg = Release|Any CPU
		{559AC686-E785-407A-97ED-59C461234A76}.Debug|Any CPU.ActiveCfg = Debug|Any CPU
		{559AC686-E785-407A-97ED-59C461234A76}.Debug|Any CPU.Build.0 = Debug|Any CPU
		{559AC686-E785-407A-97ED-59C461234A76}.Debug|Mixed Platforms.ActiveCfg = Debug|Any CPU
		{559AC686-E785-407A-97ED-59C461234A76}.Debug|Mixed Platforms.Build.0 = Debug|Any CPU
		{559AC686-E785-407A-97ED-59C461234A76}.Debug|x86.ActiveCfg = Debug|Any CPU
		{559AC686-E785-407A-97ED-59C461234A76}.Release|Any CPU.ActiveCfg = Release|Any CPU
		{559AC686-E785-407A-97ED-59C461234A76}.Release|Any CPU.Build.0 = Release|Any CPU
		{559AC686-E785-407A-97ED-59C461234A76}.Release|Mixed Platforms.ActiveCfg = Release|Any CPU
		{559AC686-E785-407A-97ED-59C461234A76}.Release|Mixed Platforms.Build.0 = Release|Any CPU
		{559AC686-E785-407A-97ED-59C461234A76}.Release|x86.ActiveCfg = Release|Any CPU
		{397131BA-456F-4099-98EA-F040A5919649}.Debug|Any CPU.ActiveCfg = Debug|Any CPU
		{397131BA-456F-4099-98EA-F040A5919649}.Debug|Any CPU.Build.0 = Debug|Any CPU
		{397131BA-456F-4099-98EA-F040A5919649}.Debug|Mixed Platforms.ActiveCfg = Debug|Any CPU
		{397131BA-456F-4099-98EA-F040A5919649}.Debug|Mixed Platforms.Build.0 = Debug|Any CPU
		{397131BA-456F-4099-98EA-F040A5919649}.Debug|x86.ActiveCfg = Debug|Any CPU
		{397131BA-456F-4099-98EA-F040A5919649}.Release|Any CPU.ActiveCfg = Release|Any CPU
		{397131BA-456F-4099-98EA-F040A5919649}.Release|Any CPU.Build.0 = Release|Any CPU
		{397131BA-456F-4099-98EA-F040A5919649}.Release|Mixed Platforms.ActiveCfg = Release|Any CPU
		{397131BA-456F-4099-98EA-F040A5919649}.Release|Mixed Platforms.Build.0 = Release|Any CPU
		{397131BA-456F-4099-98EA-F040A5919649}.Release|x86.ActiveCfg = Release|Any CPU
		{C53DDFF1-EBC0-4ACA-8DCE-EFEFF2ACD9D6}.Debug|Any CPU.ActiveCfg = Debug|Any CPU
		{C53DDFF1-EBC0-4ACA-8DCE-EFEFF2ACD9D6}.Debug|Any CPU.Build.0 = Debug|Any CPU
		{C53DDFF1-EBC0-4ACA-8DCE-EFEFF2ACD9D6}.Debug|Mixed Platforms.ActiveCfg = Debug|Any CPU
		{C53DDFF1-EBC0-4ACA-8DCE-EFEFF2ACD9D6}.Debug|Mixed Platforms.Build.0 = Debug|Any CPU
		{C53DDFF1-EBC0-4ACA-8DCE-EFEFF2ACD9D6}.Debug|x86.ActiveCfg = Debug|Any CPU
		{C53DDFF1-EBC0-4ACA-8DCE-EFEFF2ACD9D6}.Release|Any CPU.ActiveCfg = Release|Any CPU
		{C53DDFF1-EBC0-4ACA-8DCE-EFEFF2ACD9D6}.Release|Any CPU.Build.0 = Release|Any CPU
		{C53DDFF1-EBC0-4ACA-8DCE-EFEFF2ACD9D6}.Release|Mixed Platforms.ActiveCfg = Release|Any CPU
		{C53DDFF1-EBC0-4ACA-8DCE-EFEFF2ACD9D6}.Release|Mixed Platforms.Build.0 = Release|Any CPU
		{C53DDFF1-EBC0-4ACA-8DCE-EFEFF2ACD9D6}.Release|x86.ActiveCfg = Release|Any CPU
		{6ABC7548-24B1-4546-9E59-BED8AB387751}.Debug|Any CPU.ActiveCfg = Debug|Any CPU
		{6ABC7548-24B1-4546-9E59-BED8AB387751}.Debug|Any CPU.Build.0 = Debug|Any CPU
		{6ABC7548-24B1-4546-9E59-BED8AB387751}.Debug|Mixed Platforms.ActiveCfg = Debug|Any CPU
		{6ABC7548-24B1-4546-9E59-BED8AB387751}.Debug|Mixed Platforms.Build.0 = Debug|Any CPU
		{6ABC7548-24B1-4546-9E59-BED8AB387751}.Debug|x86.ActiveCfg = Debug|Any CPU
		{6ABC7548-24B1-4546-9E59-BED8AB387751}.Release|Any CPU.ActiveCfg = Release|Any CPU
		{6ABC7548-24B1-4546-9E59-BED8AB387751}.Release|Any CPU.Build.0 = Release|Any CPU
		{6ABC7548-24B1-4546-9E59-BED8AB387751}.Release|Mixed Platforms.ActiveCfg = Release|Any CPU
		{6ABC7548-24B1-4546-9E59-BED8AB387751}.Release|Mixed Platforms.Build.0 = Release|Any CPU
		{6ABC7548-24B1-4546-9E59-BED8AB387751}.Release|x86.ActiveCfg = Release|Any CPU
		{2031E309-16F3-47D1-A21F-F91723DF7491}.Debug|Any CPU.ActiveCfg = Debug|Any CPU
		{2031E309-16F3-47D1-A21F-F91723DF7491}.Debug|Any CPU.Build.0 = Debug|Any CPU
		{2031E309-16F3-47D1-A21F-F91723DF7491}.Debug|Mixed Platforms.ActiveCfg = Debug|Any CPU
		{2031E309-16F3-47D1-A21F-F91723DF7491}.Debug|Mixed Platforms.Build.0 = Debug|Any CPU
		{2031E309-16F3-47D1-A21F-F91723DF7491}.Debug|x86.ActiveCfg = Debug|Any CPU
		{2031E309-16F3-47D1-A21F-F91723DF7491}.Release|Any CPU.ActiveCfg = Release|Any CPU
		{2031E309-16F3-47D1-A21F-F91723DF7491}.Release|Any CPU.Build.0 = Release|Any CPU
		{2031E309-16F3-47D1-A21F-F91723DF7491}.Release|Mixed Platforms.ActiveCfg = Release|Any CPU
		{2031E309-16F3-47D1-A21F-F91723DF7491}.Release|Mixed Platforms.Build.0 = Release|Any CPU
		{2031E309-16F3-47D1-A21F-F91723DF7491}.Release|x86.ActiveCfg = Release|Any CPU
		{C1AD3E84-7739-4BE8-8800-616AB99E2153}.Debug|Any CPU.ActiveCfg = Debug|Any CPU
		{C1AD3E84-7739-4BE8-8800-616AB99E2153}.Debug|Any CPU.Build.0 = Debug|Any CPU
		{C1AD3E84-7739-4BE8-8800-616AB99E2153}.Debug|Mixed Platforms.ActiveCfg = Debug|Any CPU
		{C1AD3E84-7739-4BE8-8800-616AB99E2153}.Debug|Mixed Platforms.Build.0 = Debug|Any CPU
		{C1AD3E84-7739-4BE8-8800-616AB99E2153}.Debug|x86.ActiveCfg = Debug|Any CPU
		{C1AD3E84-7739-4BE8-8800-616AB99E2153}.Release|Any CPU.ActiveCfg = Release|Any CPU
		{C1AD3E84-7739-4BE8-8800-616AB99E2153}.Release|Any CPU.Build.0 = Release|Any CPU
		{C1AD3E84-7739-4BE8-8800-616AB99E2153}.Release|Mixed Platforms.ActiveCfg = Release|Any CPU
		{C1AD3E84-7739-4BE8-8800-616AB99E2153}.Release|Mixed Platforms.Build.0 = Release|Any CPU
		{C1AD3E84-7739-4BE8-8800-616AB99E2153}.Release|x86.ActiveCfg = Release|Any CPU
		{D470FA08-37B1-4468-A755-3F210239FD46}.Debug|Any CPU.ActiveCfg = Debug|Any CPU
		{D470FA08-37B1-4468-A755-3F210239FD46}.Debug|Any CPU.Build.0 = Debug|Any CPU
		{D470FA08-37B1-4468-A755-3F210239FD46}.Debug|Mixed Platforms.ActiveCfg = Debug|Any CPU
		{D470FA08-37B1-4468-A755-3F210239FD46}.Debug|Mixed Platforms.Build.0 = Debug|Any CPU
		{D470FA08-37B1-4468-A755-3F210239FD46}.Debug|x86.ActiveCfg = Debug|Any CPU
		{D470FA08-37B1-4468-A755-3F210239FD46}.Release|Any CPU.ActiveCfg = Release|Any CPU
		{D470FA08-37B1-4468-A755-3F210239FD46}.Release|Any CPU.Build.0 = Release|Any CPU
		{D470FA08-37B1-4468-A755-3F210239FD46}.Release|Mixed Platforms.ActiveCfg = Release|Any CPU
		{D470FA08-37B1-4468-A755-3F210239FD46}.Release|Mixed Platforms.Build.0 = Release|Any CPU
		{D470FA08-37B1-4468-A755-3F210239FD46}.Release|x86.ActiveCfg = Release|Any CPU
		{3BE2E29F-B709-4D58-B790-C8CF187CAC31}.Debug|Any CPU.ActiveCfg = Debug|Any CPU
		{3BE2E29F-B709-4D58-B790-C8CF187CAC31}.Debug|Any CPU.Build.0 = Debug|Any CPU
		{3BE2E29F-B709-4D58-B790-C8CF187CAC31}.Debug|Mixed Platforms.ActiveCfg = Debug|Any CPU
		{3BE2E29F-B709-4D58-B790-C8CF187CAC31}.Debug|Mixed Platforms.Build.0 = Debug|Any CPU
		{3BE2E29F-B709-4D58-B790-C8CF187CAC31}.Debug|x86.ActiveCfg = Debug|Any CPU
		{3BE2E29F-B709-4D58-B790-C8CF187CAC31}.Release|Any CPU.ActiveCfg = Release|Any CPU
		{3BE2E29F-B709-4D58-B790-C8CF187CAC31}.Release|Any CPU.Build.0 = Release|Any CPU
		{3BE2E29F-B709-4D58-B790-C8CF187CAC31}.Release|Mixed Platforms.ActiveCfg = Release|Any CPU
		{3BE2E29F-B709-4D58-B790-C8CF187CAC31}.Release|Mixed Platforms.Build.0 = Release|Any CPU
		{3BE2E29F-B709-4D58-B790-C8CF187CAC31}.Release|x86.ActiveCfg = Release|Any CPU
		{91C0E375-8D3F-4F9D-B7C9-DCC20A29424A}.Debug|Any CPU.ActiveCfg = Debug|Any CPU
		{91C0E375-8D3F-4F9D-B7C9-DCC20A29424A}.Debug|Any CPU.Build.0 = Debug|Any CPU
		{91C0E375-8D3F-4F9D-B7C9-DCC20A29424A}.Debug|Mixed Platforms.ActiveCfg = Debug|Any CPU
		{91C0E375-8D3F-4F9D-B7C9-DCC20A29424A}.Debug|Mixed Platforms.Build.0 = Debug|Any CPU
		{91C0E375-8D3F-4F9D-B7C9-DCC20A29424A}.Debug|x86.ActiveCfg = Debug|Any CPU
		{91C0E375-8D3F-4F9D-B7C9-DCC20A29424A}.Release|Any CPU.ActiveCfg = Release|Any CPU
		{91C0E375-8D3F-4F9D-B7C9-DCC20A29424A}.Release|Any CPU.Build.0 = Release|Any CPU
		{91C0E375-8D3F-4F9D-B7C9-DCC20A29424A}.Release|Mixed Platforms.ActiveCfg = Release|Any CPU
		{91C0E375-8D3F-4F9D-B7C9-DCC20A29424A}.Release|Mixed Platforms.Build.0 = Release|Any CPU
		{91C0E375-8D3F-4F9D-B7C9-DCC20A29424A}.Release|x86.ActiveCfg = Release|Any CPU
		{3640B350-CE10-433F-884A-6730861AEBDC}.Debug|Any CPU.ActiveCfg = Debug|Any CPU
		{3640B350-CE10-433F-884A-6730861AEBDC}.Debug|Any CPU.Build.0 = Debug|Any CPU
		{3640B350-CE10-433F-884A-6730861AEBDC}.Debug|Mixed Platforms.ActiveCfg = Debug|Any CPU
		{3640B350-CE10-433F-884A-6730861AEBDC}.Debug|Mixed Platforms.Build.0 = Debug|Any CPU
		{3640B350-CE10-433F-884A-6730861AEBDC}.Debug|x86.ActiveCfg = Debug|Any CPU
		{3640B350-CE10-433F-884A-6730861AEBDC}.Release|Any CPU.ActiveCfg = Release|Any CPU
		{3640B350-CE10-433F-884A-6730861AEBDC}.Release|Any CPU.Build.0 = Release|Any CPU
		{3640B350-CE10-433F-884A-6730861AEBDC}.Release|Mixed Platforms.ActiveCfg = Release|Any CPU
		{3640B350-CE10-433F-884A-6730861AEBDC}.Release|Mixed Platforms.Build.0 = Release|Any CPU
		{3640B350-CE10-433F-884A-6730861AEBDC}.Release|x86.ActiveCfg = Release|Any CPU
		{4186C28F-91FE-4DE1-895F-4E888BAC2BF5}.Debug|Any CPU.ActiveCfg = Debug|Any CPU
		{4186C28F-91FE-4DE1-895F-4E888BAC2BF5}.Debug|Any CPU.Build.0 = Debug|Any CPU
		{4186C28F-91FE-4DE1-895F-4E888BAC2BF5}.Debug|Mixed Platforms.ActiveCfg = Debug|Any CPU
		{4186C28F-91FE-4DE1-895F-4E888BAC2BF5}.Debug|Mixed Platforms.Build.0 = Debug|Any CPU
		{4186C28F-91FE-4DE1-895F-4E888BAC2BF5}.Debug|x86.ActiveCfg = Debug|Any CPU
		{4186C28F-91FE-4DE1-895F-4E888BAC2BF5}.Release|Any CPU.ActiveCfg = Release|Any CPU
		{4186C28F-91FE-4DE1-895F-4E888BAC2BF5}.Release|Any CPU.Build.0 = Release|Any CPU
		{4186C28F-91FE-4DE1-895F-4E888BAC2BF5}.Release|Mixed Platforms.ActiveCfg = Release|Any CPU
		{4186C28F-91FE-4DE1-895F-4E888BAC2BF5}.Release|Mixed Platforms.Build.0 = Release|Any CPU
		{4186C28F-91FE-4DE1-895F-4E888BAC2BF5}.Release|x86.ActiveCfg = Release|Any CPU
		{DB5481AA-9DFB-48D6-923E-39DB79A1E96A}.Debug|Any CPU.ActiveCfg = Debug|Any CPU
		{DB5481AA-9DFB-48D6-923E-39DB79A1E96A}.Debug|Any CPU.Build.0 = Debug|Any CPU
		{DB5481AA-9DFB-48D6-923E-39DB79A1E96A}.Debug|Mixed Platforms.ActiveCfg = Debug|Any CPU
		{DB5481AA-9DFB-48D6-923E-39DB79A1E96A}.Debug|Mixed Platforms.Build.0 = Debug|Any CPU
		{DB5481AA-9DFB-48D6-923E-39DB79A1E96A}.Debug|x86.ActiveCfg = Debug|Any CPU
		{DB5481AA-9DFB-48D6-923E-39DB79A1E96A}.Release|Any CPU.ActiveCfg = Release|Any CPU
		{DB5481AA-9DFB-48D6-923E-39DB79A1E96A}.Release|Any CPU.Build.0 = Release|Any CPU
		{DB5481AA-9DFB-48D6-923E-39DB79A1E96A}.Release|Mixed Platforms.ActiveCfg = Release|Any CPU
		{DB5481AA-9DFB-48D6-923E-39DB79A1E96A}.Release|Mixed Platforms.Build.0 = Release|Any CPU
		{DB5481AA-9DFB-48D6-923E-39DB79A1E96A}.Release|x86.ActiveCfg = Release|Any CPU
		{08D6820A-338D-4AA3-926B-C5CE9F5D6F5F}.Debug|Any CPU.ActiveCfg = Debug|Any CPU
		{08D6820A-338D-4AA3-926B-C5CE9F5D6F5F}.Debug|Any CPU.Build.0 = Debug|Any CPU
		{08D6820A-338D-4AA3-926B-C5CE9F5D6F5F}.Debug|Mixed Platforms.ActiveCfg = Debug|Any CPU
		{08D6820A-338D-4AA3-926B-C5CE9F5D6F5F}.Debug|Mixed Platforms.Build.0 = Debug|Any CPU
		{08D6820A-338D-4AA3-926B-C5CE9F5D6F5F}.Debug|x86.ActiveCfg = Debug|Any CPU
		{08D6820A-338D-4AA3-926B-C5CE9F5D6F5F}.Release|Any CPU.ActiveCfg = Release|Any CPU
		{08D6820A-338D-4AA3-926B-C5CE9F5D6F5F}.Release|Any CPU.Build.0 = Release|Any CPU
		{08D6820A-338D-4AA3-926B-C5CE9F5D6F5F}.Release|Mixed Platforms.ActiveCfg = Release|Any CPU
		{08D6820A-338D-4AA3-926B-C5CE9F5D6F5F}.Release|Mixed Platforms.Build.0 = Release|Any CPU
		{08D6820A-338D-4AA3-926B-C5CE9F5D6F5F}.Release|x86.ActiveCfg = Release|Any CPU
	EndGlobalSection
	GlobalSection(SolutionProperties) = preSolution
		HideSolutionNode = FALSE
	EndGlobalSection
	GlobalSection(NestedProjects) = preSolution
		{0B5314B7-3E65-42C4-8C92-BF75CAEAB880} = {3CCB3D2A-F4A7-4C95-8439-4CC3E84990C9}
		{3CCB3D2A-F4A7-4C95-8439-4CC3E84990C9} = {59ECD64D-36BE-461E-8659-C34A752A760B}
		{4F237F66-94F2-4EC5-A994-4DC931824946} = {3CCB3D2A-F4A7-4C95-8439-4CC3E84990C9}
		{DBC1F3A7-3453-4686-9012-BAC0B9EFA479} = {5D53B00E-2C66-46C6-A1DF-351D5E888E54}
		{BA5CBC16-CF26-4E06-B31F-A30F3FADDFE6} = {DBC1F3A7-3453-4686-9012-BAC0B9EFA479}
		{EDC599EF-1FF0-4C3A-BAD1-1B5753C6CBE6} = {DBC1F3A7-3453-4686-9012-BAC0B9EFA479}
		{5C882E57-AF0A-45B1-9625-C457FD2BD177} = {27F1EFA6-99C5-4AF5-89C6-77179B08652D}
		{E3CFEBD1-3F23-46A5-8735-B800D5943026} = {27F1EFA6-99C5-4AF5-89C6-77179B08652D}
		{27F1EFA6-99C5-4AF5-89C6-77179B08652D} = {5D53B00E-2C66-46C6-A1DF-351D5E888E54}
		{D2E126E2-D8C2-4698-960A-46ED0803F6B3} = {5D53B00E-2C66-46C6-A1DF-351D5E888E54}
		{A1C96F22-D774-44F7-ABF2-286EEC683214} = {D2E126E2-D8C2-4698-960A-46ED0803F6B3}
		{A71F8266-4F3C-465F-8B7C-35DFF02ED6F9} = {D2E126E2-D8C2-4698-960A-46ED0803F6B3}
		{59ECD64D-36BE-461E-8659-C34A752A760B} = {5D53B00E-2C66-46C6-A1DF-351D5E888E54}
		{FC658D10-C618-4451-B131-D0370C6A5C00} = {5D53B00E-2C66-46C6-A1DF-351D5E888E54}
		{F9F0B894-BD02-426B-996C-515DC39CD0E1} = {A4AC1CC2-9B74-42F9-98D2-D4A5AC117DB8}
		{E8EC90B8-2DCC-4EA8-8B1F-468D367E3EBE} = {A4AC1CC2-9B74-42F9-98D2-D4A5AC117DB8}
		{A4AC1CC2-9B74-42F9-98D2-D4A5AC117DB8} = {24569884-1CB4-471E-9B19-C595C981E212}
		{E6981E54-0A2F-4CFD-8174-E5141788A61A} = {24569884-1CB4-471E-9B19-C595C981E212}
		{77BDDEE7-CC91-4810-B4D1-6753219C0B6B} = {E6981E54-0A2F-4CFD-8174-E5141788A61A}
		{A09F514C-1314-4047-8084-6C9CE5A08200} = {E6981E54-0A2F-4CFD-8174-E5141788A61A}
		{4549326E-DAAF-4E79-B642-40CEE5DF0088} = {24569884-1CB4-471E-9B19-C595C981E212}
		{E89EBB85-11C4-43D3-8164-E63D75058E44} = {4549326E-DAAF-4E79-B642-40CEE5DF0088}
		{DB24E6FA-1808-453B-9920-D7C320502E55} = {4549326E-DAAF-4E79-B642-40CEE5DF0088}
		{FFE02055-94D7-48DD-9806-DB4165EE75AB} = {24569884-1CB4-471E-9B19-C595C981E212}
		{9667A77C-C559-4C99-94C7-BA1BCF0E181C} = {FFE02055-94D7-48DD-9806-DB4165EE75AB}
		{9C333161-05E5-4B9A-A8DB-037109631FD7} = {FFE02055-94D7-48DD-9806-DB4165EE75AB}
		{DEB5329C-AE0D-4322-8F50-113D2C82DE48} = {24569884-1CB4-471E-9B19-C595C981E212}
		{EF608245-1CCE-46C8-B0C5-E9120869A57A} = {DEB5329C-AE0D-4322-8F50-113D2C82DE48}
		{61862BAC-6068-4AD9-99C2-567AC7347564} = {DEB5329C-AE0D-4322-8F50-113D2C82DE48}
		{559AC686-E785-407A-97ED-59C461234A76} = {DEB5329C-AE0D-4322-8F50-113D2C82DE48}
		{BFF7DC1E-44E5-4D2C-8081-B8240B613337} = {24569884-1CB4-471E-9B19-C595C981E212}
		{397131BA-456F-4099-98EA-F040A5919649} = {BFF7DC1E-44E5-4D2C-8081-B8240B613337}
		{C53DDFF1-EBC0-4ACA-8DCE-EFEFF2ACD9D6} = {BFF7DC1E-44E5-4D2C-8081-B8240B613337}
		{E5A8B20E-C736-4538-8028-926A5621AFE4} = {24569884-1CB4-471E-9B19-C595C981E212}
		{6ABC7548-24B1-4546-9E59-BED8AB387751} = {E5A8B20E-C736-4538-8028-926A5621AFE4}
		{2031E309-16F3-47D1-A21F-F91723DF7491} = {E5A8B20E-C736-4538-8028-926A5621AFE4}
		{79481DBA-4B29-4160-9EF3-39AED6B77830} = {24569884-1CB4-471E-9B19-C595C981E212}
		{C1AD3E84-7739-4BE8-8800-616AB99E2153} = {79481DBA-4B29-4160-9EF3-39AED6B77830}
		{D470FA08-37B1-4468-A755-3F210239FD46} = {79481DBA-4B29-4160-9EF3-39AED6B77830}
		{3BE2E29F-B709-4D58-B790-C8CF187CAC31} = {184EC158-5F20-4CC9-8B3A-164117BA8FC4}
		{91C0E375-8D3F-4F9D-B7C9-DCC20A29424A} = {184EC158-5F20-4CC9-8B3A-164117BA8FC4}
		{3640B350-CE10-433F-884A-6730861AEBDC} = {24569884-1CB4-471E-9B19-C595C981E212}
		{4186C28F-91FE-4DE1-895F-4E888BAC2BF5} = {BFF7DC1E-44E5-4D2C-8081-B8240B613337}
		{DB5481AA-9DFB-48D6-923E-39DB79A1E96A} = {BFF7DC1E-44E5-4D2C-8081-B8240B613337}
		{08D6820A-338D-4AA3-926B-C5CE9F5D6F5F} = {24569884-1CB4-471E-9B19-C595C981E212}
		{184EC158-5F20-4CC9-8B3A-164117BA8FC4} = {24569884-1CB4-471E-9B19-C595C981E212}
	EndGlobalSection
EndGlobal
